
Microsoft Visual Studio Solution File, Format Version 12.00
# Visual Studio Version 18
VisualStudioVersion = 18.6.11822.322 stable
MinimumVisualStudioVersion = 10.0.40219.1
Project("{8BC9CEB8-8B4A-11D0-8D11-00A0C91BC942}") = "SFML Blueprint", "SFML Blueprint.vcxproj", "{08959D72-5C43-4A02-839E-8610E4779B96}"
EndProject
Global
	GlobalSection(SolutionConfigurationPlatforms) = preSolution
		Debug|x86 = Debug|x86
		Release|x86 = Release|x86
	EndGlobalSection
	GlobalSection(ProjectConfigurationPlatforms) = postSolution
		{08959D72-5C43-4A02-839E-8610E4779B96}.Debug|x86.ActiveCfg = Debug|Win32
		{08959D72-5C43-4A02-839E-8610E4779B96}.Debug|x86.Build.0 = Debug|Win32
		{08959D72-5C43-4A02-839E-8610E4779B96}.Release|x86.ActiveCfg = Release|Win32
		{08959D72-5C43-4A02-839E-8610E4779B96}.Release|x86.Build.0 = Release|Win32
	EndGlobalSection
	GlobalSection(SolutionProperties) = preSolution
		HideSolutionNode = FALSE
	EndGlobalSection
	GlobalSection(ExtensibilityGlobals) = postSolution
		SolutionGuid = {278DB63A-4EFF-4BE6-BD59-C6EC9B551643}
	EndGlobalSection
EndGlobal
